
Microsoft Visual Studio Solution File, Format Version 12.00
# Visual Studio 15
VisualStudioVersion = 15.0.27130.2020
MinimumVisualStudioVersion = 10.0.40219.1
Project("{2150E333-8FDC-42A3-9474-1A3956D46DE8}") = "Rovers", "Rovers", "{1D7A4F0A-79A9-4AC6-B477-10D62E606810}"
EndProject
Project("{FAE04EC0-301F-11D3-BF4B-00C04F79EFBC}") = "Robot.V1.FEZ", "Robot.V1.FEZ\Robot.V1.FEZ.csproj", "{452FF951-3549-46F8-8865-4B613379F38D}"
EndProject
Project("{FAE04EC0-301F-11D3-BF4B-00C04F79EFBC}") = "Robot.V1.IotCore", "Robot.V1.IotCore\Robot.V1.IotCore.csproj", "{323A3404-8BB7-4BEE-A69B-74178F09F2B5}"
EndProject
Project("{2150E333-8FDC-42A3-9474-1A3956D46DE8}") = "Controllers", "Controllers", "{141B2C6B-DB27-4FE5-A7C0-F2375D759E0D}"
EndProject
Project("{9A19103F-16F7-4668-BE54-9A1E7A4F7556}") = "Lynk.Bot.Controller.v1.0", "Lynk.Bot.Controller.v1.0\Lynk.Bot.Controller.v1.0\Lynk.Bot.Controller.v1.0.csproj", "{ABFDA9A7-0827-4201-A460-9D329C5A74E2}"
EndProject
Project("{FAE04EC0-301F-11D3-BF4B-00C04F79EFBC}") = "Lynk.Bot.Controller.v1.0.Android", "Lynk.Bot.Controller.v1.0\Lynk.Bot.Controller.v1.0.Android\Lynk.Bot.Controller.v1.0.Android.csproj", "{B5F46CB8-013D-4687-BCC2-870B0724B862}"
EndProject
Project("{FAE04EC0-301F-11D3-BF4B-00C04F79EFBC}") = "Lynk.Bot.Controller.v1.0.UWP", "Lynk.Bot.Controller.v1.0\Lynk.Bot.Controller.v1.0.UWP\Lynk.Bot.Controller.v1.0.UWP.csproj", "{A90911F8-6E50-4A74-BACB-95DCF23D398D}"
EndProject
Project("{FAE04EC0-301F-11D3-BF4B-00C04F79EFBC}") = "Lynk.Robot._0_7.Esp8266", "Lynk.Robot._0_7.Esp8266\Lynk.Robot._0_7.Esp8266.csproj", "{9D1DCE68-1560-47F2-87DB-2617784641F7}"
EndProject
Global
	GlobalSection(SolutionConfigurationPlatforms) = preSolution
		Debug|Any CPU = Debug|Any CPU
		Debug|ARM = Debug|ARM
		Debug|x64 = Debug|x64
		Debug|x86 = Debug|x86
		Release|Any CPU = Release|Any CPU
		Release|ARM = Release|ARM
		Release|x64 = Release|x64
		Release|x86 = Release|x86
	EndGlobalSection
	GlobalSection(ProjectConfigurationPlatforms) = postSolution
		{452FF951-3549-46F8-8865-4B613379F38D}.Debug|Any CPU.ActiveCfg = Debug|Any CPU
		{452FF951-3549-46F8-8865-4B613379F38D}.Debug|Any CPU.Build.0 = Debug|Any CPU
		{452FF951-3549-46F8-8865-4B613379F38D}.Debug|Any CPU.Deploy.0 = Debug|Any CPU
		{452FF951-3549-46F8-8865-4B613379F38D}.Debug|ARM.ActiveCfg = Debug|Any CPU
		{452FF951-3549-46F8-8865-4B613379F38D}.Debug|ARM.Build.0 = Debug|Any CPU
		{452FF951-3549-46F8-8865-4B613379F38D}.Debug|ARM.Deploy.0 = Debug|Any CPU
		{452FF951-3549-46F8-8865-4B613379F38D}.Debug|x64.ActiveCfg = Debug|Any CPU
		{452FF951-3549-46F8-8865-4B613379F38D}.Debug|x64.Build.0 = Debug|Any CPU
		{452FF951-3549-46F8-8865-4B613379F38D}.Debug|x64.Deploy.0 = Debug|Any CPU
		{452FF951-3549-46F8-8865-4B613379F38D}.Debug|x86.ActiveCfg = Debug|Any CPU
		{452FF951-3549-46F8-8865-4B613379F38D}.Debug|x86.Build.0 = Debug|Any CPU
		{452FF951-3549-46F8-8865-4B613379F38D}.Debug|x86.Deploy.0 = Debug|Any CPU
		{452FF951-3549-46F8-8865-4B613379F38D}.Release|Any CPU.ActiveCfg = Release|Any CPU
		{452FF951-3549-46F8-8865-4B613379F38D}.Release|Any CPU.Build.0 = Release|Any CPU
		{452FF951-3549-46F8-8865-4B613379F38D}.Release|Any CPU.Deploy.0 = Release|Any CPU
		{452FF951-3549-46F8-8865-4B613379F38D}.Release|ARM.ActiveCfg = Release|Any CPU
		{452FF951-3549-46F8-8865-4B613379F38D}.Release|ARM.Build.0 = Release|Any CPU
		{452FF951-3549-46F8-8865-4B613379F38D}.Release|ARM.Deploy.0 = Release|Any CPU
		{452FF951-3549-46F8-8865-4B613379F38D}.Release|x64.ActiveCfg = Release|Any CPU
		{452FF951-3549-46F8-8865-4B613379F38D}.Release|x64.Build.0 = Release|Any CPU
		{452FF951-3549-46F8-8865-4B613379F38D}.Release|x64.Deploy.0 = Release|Any CPU
		{452FF951-3549-46F8-8865-4B613379F38D}.Release|x86.ActiveCfg = Release|Any CPU
		{452FF951-3549-46F8-8865-4B613379F38D}.Release|x86.Build.0 = Release|Any CPU
		{452FF951-3549-46F8-8865-4B613379F38D}.Release|x86.Deploy.0 = Release|Any CPU
		{323A3404-8BB7-4BEE-A69B-74178F09F2B5}.Debug|Any CPU.ActiveCfg = Debug|x86
		{323A3404-8BB7-4BEE-A69B-74178F09F2B5}.Debug|ARM.ActiveCfg = Debug|ARM
		{323A3404-8BB7-4BEE-A69B-74178F09F2B5}.Debug|ARM.Build.0 = Debug|ARM
		{323A3404-8BB7-4BEE-A69B-74178F09F2B5}.Debug|ARM.Deploy.0 = Debug|ARM
		{323A3404-8BB7-4BEE-A69B-74178F09F2B5}.Debug|x64.ActiveCfg = Debug|x64
		{323A3404-8BB7-4BEE-A69B-74178F09F2B5}.Debug|x64.Build.0 = Debug|x64
		{323A3404-8BB7-4BEE-A69B-74178F09F2B5}.Debug|x64.Deploy.0 = Debug|x64
		{323A3404-8BB7-4BEE-A69B-74178F09F2B5}.Debug|x86.ActiveCfg = Debug|x86
		{323A3404-8BB7-4BEE-A69B-74178F09F2B5}.Debug|x86.Build.0 = Debug|x86
		{323A3404-8BB7-4BEE-A69B-74178F09F2B5}.Debug|x86.Deploy.0 = Debug|x86
		{323A3404-8BB7-4BEE-A69B-74178F09F2B5}.Release|Any CPU.ActiveCfg = Release|x86
		{323A3404-8BB7-4BEE-A69B-74178F09F2B5}.Release|ARM.ActiveCfg = Release|ARM
		{323A3404-8BB7-4BEE-A69B-74178F09F2B5}.Release|ARM.Build.0 = Release|ARM
		{323A3404-8BB7-4BEE-A69B-74178F09F2B5}.Release|ARM.Deploy.0 = Release|ARM
		{323A3404-8BB7-4BEE-A69B-74178F09F2B5}.Release|x64.ActiveCfg = Release|x64
		{323A3404-8BB7-4BEE-A69B-74178F09F2B5}.Release|x64.Build.0 = Release|x64
		{323A3404-8BB7-4BEE-A69B-74178F09F2B5}.Release|x64.Deploy.0 = Release|x64
		{323A3404-8BB7-4BEE-A69B-74178F09F2B5}.Release|x86.ActiveCfg = Release|x86
		{323A3404-8BB7-4BEE-A69B-74178F09F2B5}.Release|x86.Build.0 = Release|x86
		{323A3404-8BB7-4BEE-A69B-74178F09F2B5}.Release|x86.Deploy.0 = Release|x86
		{ABFDA9A7-0827-4201-A460-9D329C5A74E2}.Debug|Any CPU.ActiveCfg = Debug|Any CPU
		{ABFDA9A7-0827-4201-A460-9D329C5A74E2}.Debug|Any CPU.Build.0 = Debug|Any CPU
		{ABFDA9A7-0827-4201-A460-9D329C5A74E2}.Debug|ARM.ActiveCfg = Debug|Any CPU
		{ABFDA9A7-0827-4201-A460-9D329C5A74E2}.Debug|ARM.Build.0 = Debug|Any CPU
		{ABFDA9A7-0827-4201-A460-9D329C5A74E2}.Debug|x64.ActiveCfg = Debug|Any CPU
		{ABFDA9A7-0827-4201-A460-9D329C5A74E2}.Debug|x64.Build.0 = Debug|Any CPU
		{ABFDA9A7-0827-4201-A460-9D329C5A74E2}.Debug|x86.ActiveCfg = Debug|Any CPU
		{ABFDA9A7-0827-4201-A460-9D329C5A74E2}.Debug|x86.Build.0 = Debug|Any CPU
		{ABFDA9A7-0827-4201-A460-9D329C5A74E2}.Release|Any CPU.ActiveCfg = Release|Any CPU
		{ABFDA9A7-0827-4201-A460-9D329C5A74E2}.Release|Any CPU.Build.0 = Release|Any CPU
		{ABFDA9A7-0827-4201-A460-9D329C5A74E2}.Release|ARM.ActiveCfg = Release|Any CPU
		{ABFDA9A7-0827-4201-A460-9D329C5A74E2}.Release|ARM.Build.0 = Release|Any CPU
		{ABFDA9A7-0827-4201-A460-9D329C5A74E2}.Release|x64.ActiveCfg = Release|Any CPU
		{ABFDA9A7-0827-4201-A460-9D329C5A74E2}.Release|x64.Build.0 = Release|Any CPU
		{ABFDA9A7-0827-4201-A460-9D329C5A74E2}.Release|x86.ActiveCfg = Release|Any CPU
		{ABFDA9A7-0827-4201-A460-9D329C5A74E2}.Release|x86.Build.0 = Release|Any CPU
		{B5F46CB8-013D-4687-BCC2-870B0724B862}.Debug|Any CPU.ActiveCfg = Debug|Any CPU
		{B5F46CB8-013D-4687-BCC2-870B0724B862}.Debug|Any CPU.Build.0 = Debug|Any CPU
		{B5F46CB8-013D-4687-BCC2-870B0724B862}.Debug|Any CPU.Deploy.0 = Debug|Any CPU
		{B5F46CB8-013D-4687-BCC2-870B0724B862}.Debug|ARM.ActiveCfg = Debug|Any CPU
		{B5F46CB8-013D-4687-BCC2-870B0724B862}.Debug|ARM.Build.0 = Debug|Any CPU
		{B5F46CB8-013D-4687-BCC2-870B0724B862}.Debug|ARM.Deploy.0 = Debug|Any CPU
		{B5F46CB8-013D-4687-BCC2-870B0724B862}.Debug|x64.ActiveCfg = Debug|Any CPU
		{B5F46CB8-013D-4687-BCC2-870B0724B862}.Debug|x64.Build.0 = Debug|Any CPU
		{B5F46CB8-013D-4687-BCC2-870B0724B862}.Debug|x64.Deploy.0 = Debug|Any CPU
		{B5F46CB8-013D-4687-BCC2-870B0724B862}.Debug|x86.ActiveCfg = Debug|Any CPU
		{B5F46CB8-013D-4687-BCC2-870B0724B862}.Debug|x86.Build.0 = Debug|Any CPU
		{B5F46CB8-013D-4687-BCC2-870B0724B862}.Debug|x86.Deploy.0 = Debug|Any CPU
		{B5F46CB8-013D-4687-BCC2-870B0724B862}.Release|Any CPU.ActiveCfg = Release|Any CPU
		{B5F46CB8-013D-4687-BCC2-870B0724B862}.Release|Any CPU.Build.0 = Release|Any CPU
		{B5F46CB8-013D-4687-BCC2-870B0724B862}.Release|Any CPU.Deploy.0 = Release|Any CPU
		{B5F46CB8-013D-4687-BCC2-870B0724B862}.Release|ARM.ActiveCfg = Release|Any CPU
		{B5F46CB8-013D-4687-BCC2-870B0724B862}.Release|ARM.Build.0 = Release|Any CPU
		{B5F46CB8-013D-4687-BCC2-870B0724B862}.Release|ARM.Deploy.0 = Release|Any CPU
		{B5F46CB8-013D-4687-BCC2-870B0724B862}.Release|x64.ActiveCfg = Release|Any CPU
		{B5F46CB8-013D-4687-BCC2-870B0724B862}.Release|x64.Build.0 = Release|Any CPU
		{B5F46CB8-013D-4687-BCC2-870B0724B862}.Release|x64.Deploy.0 = Release|Any CPU
		{B5F46CB8-013D-4687-BCC2-870B0724B862}.Release|x86.ActiveCfg = Release|Any CPU
		{B5F46CB8-013D-4687-BCC2-870B0724B862}.Release|x86.Build.0 = Release|Any CPU
		{B5F46CB8-013D-4687-BCC2-870B0724B862}.Release|x86.Deploy.0 = Release|Any CPU
		{A90911F8-6E50-4A74-BACB-95DCF23D398D}.Debug|Any CPU.ActiveCfg = Debug|x86
		{A90911F8-6E50-4A74-BACB-95DCF23D398D}.Debug|ARM.ActiveCfg = Debug|ARM
		{A90911F8-6E50-4A74-BACB-95DCF23D398D}.Debug|ARM.Build.0 = Debug|ARM
		{A90911F8-6E50-4A74-BACB-95DCF23D398D}.Debug|ARM.Deploy.0 = Debug|ARM
		{A90911F8-6E50-4A74-BACB-95DCF23D398D}.Debug|x64.ActiveCfg = Debug|x64
		{A90911F8-6E50-4A74-BACB-95DCF23D398D}.Debug|x64.Build.0 = Debug|x64
		{A90911F8-6E50-4A74-BACB-95DCF23D398D}.Debug|x64.Deploy.0 = Debug|x64
		{A90911F8-6E50-4A74-BACB-95DCF23D398D}.Debug|x86.ActiveCfg = Debug|x86
		{A90911F8-6E50-4A74-BACB-95DCF23D398D}.Debug|x86.Build.0 = Debug|x86
		{A90911F8-6E50-4A74-BACB-95DCF23D398D}.Debug|x86.Deploy.0 = Debug|x86
		{A90911F8-6E50-4A74-BACB-95DCF23D398D}.Release|Any CPU.ActiveCfg = Release|x86
		{A90911F8-6E50-4A74-BACB-95DCF23D398D}.Release|ARM.ActiveCfg = Release|ARM
		{A90911F8-6E50-4A74-BACB-95DCF23D398D}.Release|ARM.Build.0 = Release|ARM
		{A90911F8-6E50-4A74-BACB-95DCF23D398D}.Release|ARM.Deploy.0 = Release|ARM
		{A90911F8-6E50-4A74-BACB-95DCF23D398D}.Release|x64.ActiveCfg = Release|x64
		{A90911F8-6E50-4A74-BACB-95DCF23D398D}.Release|x64.Build.0 = Release|x64
		{A90911F8-6E50-4A74-BACB-95DCF23D398D}.Release|x64.Deploy.0 = Release|x64
		{A90911F8-6E50-4A74-BACB-95DCF23D398D}.Release|x86.ActiveCfg = Release|x86
		{A90911F8-6E50-4A74-BACB-95DCF23D398D}.Release|x86.Build.0 = Release|x86
		{A90911F8-6E50-4A74-BACB-95DCF23D398D}.Release|x86.Deploy.0 = Release|x86
		{9D1DCE68-1560-47F2-87DB-2617784641F7}.Debug|Any CPU.ActiveCfg = Debug|Any CPU
		{9D1DCE68-1560-47F2-87DB-2617784641F7}.Debug|Any CPU.Build.0 = Debug|Any CPU
		{9D1DCE68-1560-47F2-87DB-2617784641F7}.Debug|Any CPU.Deploy.0 = Debug|Any CPU
		{9D1DCE68-1560-47F2-87DB-2617784641F7}.Debug|ARM.ActiveCfg = Debug|Any CPU
		{9D1DCE68-1560-47F2-87DB-2617784641F7}.Debug|ARM.Build.0 = Debug|Any CPU
		{9D1DCE68-1560-47F2-87DB-2617784641F7}.Debug|ARM.Deploy.0 = Debug|Any CPU
		{9D1DCE68-1560-47F2-87DB-2617784641F7}.Debug|x64.ActiveCfg = Debug|Any CPU
		{9D1DCE68-1560-47F2-87DB-2617784641F7}.Debug|x64.Build.0 = Debug|Any CPU
		{9D1DCE68-1560-47F2-87DB-2617784641F7}.Debug|x64.Deploy.0 = Debug|Any CPU
		{9D1DCE68-1560-47F2-87DB-2617784641F7}.Debug|x86.ActiveCfg = Debug|Any CPU
		{9D1DCE68-1560-47F2-87DB-2617784641F7}.Debug|x86.Build.0 = Debug|Any CPU
		{9D1DCE68-1560-47F2-87DB-2617784641F7}.Debug|x86.Deploy.0 = Debug|Any CPU
		{9D1DCE68-1560-47F2-87DB-2617784641F7}.Release|Any CPU.ActiveCfg = Release|Any CPU
		{9D1DCE68-1560-47F2-87DB-2617784641F7}.Release|Any CPU.Build.0 = Release|Any CPU
		{9D1DCE68-1560-47F2-87DB-2617784641F7}.Release|Any CPU.Deploy.0 = Release|Any CPU
		{9D1DCE68-1560-47F2-87DB-2617784641F7}.Release|ARM.ActiveCfg = Release|Any CPU
		{9D1DCE68-1560-47F2-87DB-2617784641F7}.Release|ARM.Build.0 = Release|Any CPU
		{9D1DCE68-1560-47F2-87DB-2617784641F7}.Release|ARM.Deploy.0 = Release|Any CPU
		{9D1DCE68-1560-47F2-87DB-2617784641F7}.Release|x64.ActiveCfg = Release|Any CPU
		{9D1DCE68-1560-47F2-87DB-2617784641F7}.Release|x64.Build.0 = Release|Any CPU
		{9D1DCE68-1560-47F2-87DB-2617784641F7}.Release|x64.Deploy.0 = Release|Any CPU
		{9D1DCE68-1560-47F2-87DB-2617784641F7}.Release|x86.ActiveCfg = Release|Any CPU
		{9D1DCE68-1560-47F2-87DB-2617784641F7}.Release|x86.Build.0 = Release|Any CPU
		{9D1DCE68-1560-47F2-87DB-2617784641F7}.Release|x86.Deploy.0 = Release|Any CPU
	EndGlobalSection
	GlobalSection(SolutionProperties) = preSolution
		HideSolutionNode = FALSE
	EndGlobalSection
	GlobalSection(NestedProjects) = preSolution
		{452FF951-3549-46F8-8865-4B613379F38D} = {1D7A4F0A-79A9-4AC6-B477-10D62E606810}
		{323A3404-8BB7-4BEE-A69B-74178F09F2B5} = {1D7A4F0A-79A9-4AC6-B477-10D62E606810}
		{ABFDA9A7-0827-4201-A460-9D329C5A74E2} = {141B2C6B-DB27-4FE5-A7C0-F2375D759E0D}
		{B5F46CB8-013D-4687-BCC2-870B0724B862} = {141B2C6B-DB27-4FE5-A7C0-F2375D759E0D}
		{A90911F8-6E50-4A74-BACB-95DCF23D398D} = {141B2C6B-DB27-4FE5-A7C0-F2375D759E0D}
		{9D1DCE68-1560-47F2-87DB-2617784641F7} = {1D7A4F0A-79A9-4AC6-B477-10D62E606810}
	EndGlobalSection
	GlobalSection(ExtensibilityGlobals) = postSolution
		SolutionGuid = {E61F5FB0-8153-4E94-BAD1-A8357DA9A00A}
	EndGlobalSection
EndGlobal
